// !$*##Open##!$*
{
	archiveVersion = 0;
	classes = "";
	objectVersion = 52;
	objects = {

		/* Begin PBXBuildFile section */
		A1000001234567890000000B /* DRIVEApp.swift */ = {isa = PBXBuildFile; fileRef = A200000123456789000000B7 /* DRIVEApp.swift */; settings = {ATTRIBUTES = (CodeSignOnCopy, RemoveHeaders, ); }; };
		A1000001234567890000000C /* AppPlan.swift */ = {isa = PBXBuildFile; fileRef = A200000123456789000000B8 /* AppPlan.swift */; settings = {ATTRIBUTES = (CodeSignOnCopy, RemoveHeaders, ); }; };
		A1000001234567890000000D /* Badge.swift */ = {isa = PBXBuildFile; fileRef = A200000123456789000000B9 /* Badge.swift */; settings = {ATTRIBUTES = (CodeSignOnCopy, RemoveHeaders, ); }; };
		A1000001234567890000000E /* DailyTask.swift */ = {isa = PBXBuildFile; fileRef = A200000123456789000000BA /* DailyTask.swift */; settings = {ATTRIBUTES = (CodeSignOnCopy, RemoveHeaders, ); }; };
		A1000001234567890000000F /* DifficultyLevel.swift */ = {isa = PBXBuildFile; fileRef = A200000123456789000000BB /* DifficultyLevel.swift */; settings = {ATTRIBUTES = (CodeSignOnCopy, RemoveHeaders, ); }; };
		A100000123456789000000010 /* ModelTestHelpers.swift */ = {isa = PBXBuildFile; fileRef = A200000123456789000000BC /* ModelTestHelpers.swift */; settings = {ATTRIBUTES = (CodeSignOnCopy, RemoveHeaders, ); }; };
		A100000123456789000000011 /* Niche.swift */ = {isa = PBXBuildFile; fileRef = A200000123456789000000BD /* Niche.swift */; settings = {ATTRIBUTES = (CodeSignOnCopy, RemoveHeaders, ); }; };
		A100000123456789000000012 /* PlanTier.swift */ = {isa = PBXBuildFile; fileRef = A200000123456789000000BE /* PlanTier.swift */; settings = {ATTRIBUTES = (CodeSignOnCopy, RemoveHeaders, ); }; };
		A100000123456789000000013 /* TaskCategory.swift */ = {isa = PBXBuildFile; fileRef = A200000123456789000000BF /* TaskCategory.swift */; settings = {ATTRIBUTES = (CodeSignOnCopy, RemoveHeaders, ); }; };
		A100000123456789000000014 /* TaskStatus.swift */ = {isa = PBXBuildFile; fileRef = A200000123456789000000C0 /* TaskStatus.swift */; settings = {ATTRIBUTES = (CodeSignOnCopy, RemoveHeaders, ); }; };
		A100000123456789000000015 /* UserProfile.swift */ = {isa = PBXBuildFile; fileRef = A200000123456789000000C1 /* UserProfile.swift */; settings = {ATTRIBUTES = (CodeSignOnCopy, RemoveHeaders, ); }; };
		A100000123456789000000016 /* UserSettings.swift */ = {isa = PBXBuildFile; fileRef = A200000123456789000000C2 /* UserSettings.swift */; settings = {ATTRIBUTES = (CodeSignOnCopy, RemoveHeaders, ); }; };
		A100000123456789000000017 /* UserStats.swift */ = {isa = PBXBuildFile; fileRef = A200000123456789000000C3 /* UserStats.swift */; settings = {ATTRIBUTES = (CodeSignOnCopy, RemoveHeaders, ); }; };
		A100000123456789000000018 /* AppState.swift */ = {isa = PBXBuildFile; fileRef = A200000123456789000000C4 /* AppState.swift */; settings = {ATTRIBUTES = (CodeSignOnCopy, RemoveHeaders, ); }; };
		A100000123456789000000019 /* BaseViewModel.swift */ = {isa = PBXBuildFile; fileRef = A200000123456789000000C5 /* BaseViewModel.swift */; settings = {ATTRIBUTES = (CodeSignOnCopy, RemoveHeaders, ); }; };
		A10000012345678900000001A /* MainDashboardViewModel.swift */ = {isa = PBXBuildFile; fileRef = A200000123456789000000C6 /* MainDashboardViewModel.swift */; settings = {ATTRIBUTES = (CodeSignOnCopy, RemoveHeaders, ); }; };
		A10000012345678900000001B /* NicheSelectionViewModel.swift */ = {isa = PBXBuildFile; fileRef = A200000123456789000000C7 /* NicheSelectionViewModel.swift */; settings = {ATTRIBUTES = (CodeSignOnCopy, RemoveHeaders, ); }; };
		A10000012345678900000001C /* OnboardingViewModel.swift */ = {isa = PBXBuildFile; fileRef = A200000123456789000000C8 /* OnboardingViewModel.swift */; settings = {ATTRIBUTES = (CodeSignOnCopy, RemoveHeaders, ); }; };
		A10000012345678900000001D /* ProfileViewModel.swift */ = {isa = PBXBuildFile; fileRef = A200000123456789000000C9 /* ProfileViewModel.swift */; settings = {ATTRIBUTES = (CodeSignOnCopy, RemoveHeaders, ); }; };
		A10000012345678900000001E /* TaskViewModel.swift */ = {isa = PBXBuildFile; fileRef = A200000123456789000000CA /* TaskViewModel.swift */; settings = {ATTRIBUTES = (CodeSignOnCopy, RemoveHeaders, ); }; };
		A10000012345678900000001F /* GoalQuestionsView.swift */ = {isa = PBXBuildFile; fileRef = A200000123456789000000CB /* GoalQuestionsView.swift */; settings = {ATTRIBUTES = (CodeSignOnCopy, RemoveHeaders, ); }; };
		A100000123456789000000020 /* NicheSelectionView.swift */ = {isa = PBXBuildFile; fileRef = A200000123456789000000CC /* NicheSelectionView.swift */; settings = {ATTRIBUTES = (CodeSignOnCopy, RemoveHeaders, ); }; };
		A100000123456789000000021 /* OnboardingCompletionView.swift */ = {isa = PBXBuildFile; fileRef = A200000123456789000000CD /* OnboardingCompletionView.swift */; settings = {ATTRIBUTES = (CodeSignOnCopy, RemoveHeaders, ); }; };
		A100000123456789000000022 /* OnboardingFlowView.swift */ = {isa = PBXBuildFile; fileRef = A200000123456789000000CE /* OnboardingFlowView.swift */; settings = {ATTRIBUTES = (CodeSignOnCopy, RemoveHeaders, ); }; };
		A100000123456789000000023 /* PlanSelectionView.swift */ = {isa = PBXBuildFile; fileRef = A200000123456789000000CF /* PlanSelectionView.swift */; settings = {ATTRIBUTES = (CodeSignOnCopy, RemoveHeaders, ); }; };
		A100000123456789000000024 /* WelcomeView.swift */ = {isa = PBXBuildFile; fileRef = A200000123456789000000D0 /* WelcomeView.swift */; settings = {ATTRIBUTES = (CodeSignOnCopy, RemoveHeaders, ); }; };
		A100000123456789000000025 /* MainDashboardView.swift */ = {isa = PBXBuildFile; fileRef = A200000123456789000000D1 /* MainDashboardView.swift */; settings = {ATTRIBUTES = (CodeSignOnCopy, RemoveHeaders, ); }; };
		A100000123456789000000026 /* ProfileTabView.swift */ = {isa = PBXBuildFile; fileRef = A200000123456789000000D2 /* ProfileTabView.swift */; settings = {ATTRIBUTES = (CodeSignOnCopy, RemoveHeaders, ); }; };
		A100000123456789000000027 /* ProgressTabView.swift */ = {isa = PBXBuildFile; fileRef = A200000123456789000000D3 /* ProgressTabView.swift */; settings = {ATTRIBUTES = (CodeSignOnCopy, RemoveHeaders, ); }; };
		A100000123456789000000028 /* TaskDetailSheet.swift */ = {isa = PBXBuildFile; fileRef = A200000123456789000000D4 /* TaskDetailSheet.swift */; settings = {ATTRIBUTES = (CodeSignOnCopy, RemoveHeaders, ); }; };
		A100000123456789000000029 /* TasksTabView.swift */ = {isa = PBXBuildFile; fileRef = A200000123456789000000D5 /* TasksTabView.swift */; settings = {ATTRIBUTES = (CodeSignOnCopy, RemoveHeaders, ); }; };
		A10000012345678900000002A /* GradientButton.swift */ = {isa = PBXBuildFile; fileRef = A200000123456789000000D6 /* GradientButton.swift */; settings = {ATTRIBUTES = (CodeSignOnCopy, RemoveHeaders, ); }; };
		A10000012345678900000002B /* LoadingScreen.swift */ = {isa = PBXBuildFile; fileRef = A200000123456789000000D7 /* LoadingScreen.swift */; settings = {ATTRIBUTES = (CodeSignOnCopy, RemoveHeaders, ); }; };
		A10000012345678900000002C /* PlanCard.swift */ = {isa = PBXBuildFile; fileRef = A200000123456789000000D8 /* PlanCard.swift */; settings = {ATTRIBUTES = (CodeSignOnCopy, RemoveHeaders, ); }; };
		A10000012345678900000002D /* StreakDisplay.swift */ = {isa = PBXBuildFile; fileRef = A200000123456789000000D9 /* StreakDisplay.swift */; settings = {ATTRIBUTES = (CodeSignOnCopy, RemoveHeaders, ); }; };
		A10000012345678900000002E /* TaskCard.swift */ = {isa = PBXBuildFile; fileRef = A200000123456789000000DA /* TaskCard.swift */; settings = {ATTRIBUTES = (CodeSignOnCopy, RemoveHeaders, ); }; };
		A10000012345678900000002F /* Theme.swift */ = {isa = PBXBuildFile; fileRef = A200000123456789000000DB /* Theme.swift */; settings = {ATTRIBUTES = (CodeSignOnCopy, RemoveHeaders, ); }; };
		A100000123456789000000030 /* ViewModifiers.swift */ = {isa = PBXBuildFile; fileRef = A200000123456789000000DC /* ViewModifiers.swift */; settings = {ATTRIBUTES = (CodeSignOnCopy, RemoveHeaders, ); }; };
		A100000123456789000000031 /* Assets.xcassets */ = {isa = PBXBuildFile; fileRef = A200000123456789000000DD /* Assets.xcassets */; };

		/* Begin PBXFileReference section */
		A200000123456789000000B7 /* DRIVEApp.swift */ = {isa = PBXFileReference; fileEncoding = 4; lastKnownFileType = sourcecode.swift; path = DRIVEApp.swift; sourceTree = "<group>"; };
		A200000123456789000000B8 /* AppPlan.swift */ = {isa = PBXFileReference; fileEncoding = 4; lastKnownFileType = sourcecode.swift; path = Models/AppPlan.swift; sourceTree = "<group>"; };
		A200000123456789000000B9 /* Badge.swift */ = {isa = PBXFileReference; fileEncoding = 4; lastKnownFileType = sourcecode.swift; path = Models/Badge.swift; sourceTree = "<group>"; };
		A200000123456789000000BA /* DailyTask.swift */ = {isa = PBXFileReference; fileEncoding = 4; lastKnownFileType = sourcecode.swift; path = Models/DailyTask.swift; sourceTree = "<group>"; };
		A200000123456789000000BB /* DifficultyLevel.swift */ = {isa = PBXFileReference; fileEncoding = 4; lastKnownFileType = sourcecode.swift; path = Models/DifficultyLevel.swift; sourceTree = "<group>"; };
		A200000123456789000000BC /* ModelTestHelpers.swift */ = {isa = PBXFileReference; fileEncoding = 4; lastKnownFileType = sourcecode.swift; path = Models/ModelTestHelpers.swift; sourceTree = "<group>"; };
		A200000123456789000000BD /* Niche.swift */ = {isa = PBXFileReference; fileEncoding = 4; lastKnownFileType = sourcecode.swift; path = Models/Niche.swift; sourceTree = "<group>"; };
		A200000123456789000000BE /* PlanTier.swift */ = {isa = PBXFileReference; fileEncoding = 4; lastKnownFileType = sourcecode.swift; path = Models/PlanTier.swift; sourceTree = "<group>"; };
		A200000123456789000000BF /* TaskCategory.swift */ = {isa = PBXFileReference; fileEncoding = 4; lastKnownFileType = sourcecode.swift; path = Models/TaskCategory.swift; sourceTree = "<group>"; };
		A200000123456789000000C0 /* TaskStatus.swift */ = {isa = PBXFileReference; fileEncoding = 4; lastKnownFileType = sourcecode.swift; path = Models/TaskStatus.swift; sourceTree = "<group>"; };
		A200000123456789000000C1 /* UserProfile.swift */ = {isa = PBXFileReference; fileEncoding = 4; lastKnownFileType = sourcecode.swift; path = Models/UserProfile.swift; sourceTree = "<group>"; };
		A200000123456789000000C2 /* UserSettings.swift */ = {isa = PBXFileReference; fileEncoding = 4; lastKnownFileType = sourcecode.swift; path = Models/UserSettings.swift; sourceTree = "<group>"; };
		A200000123456789000000C3 /* UserStats.swift */ = {isa = PBXFileReference; fileEncoding = 4; lastKnownFileType = sourcecode.swift; path = Models/UserStats.swift; sourceTree = "<group>"; };
		A200000123456789000000C4 /* AppState.swift */ = {isa = PBXFileReference; fileEncoding = 4; lastKnownFileType = sourcecode.swift; path = ViewModels/AppState.swift; sourceTree = "<group>"; };
		A200000123456789000000C5 /* BaseViewModel.swift */ = {isa = PBXFileReference; fileEncoding = 4; lastKnownFileType = sourcecode.swift; path = ViewModels/BaseViewModel.swift; sourceTree = "<group>"; };
		A200000123456789000000C6 /* MainDashboardViewModel.swift */ = {isa = PBXFileReference; fileEncoding = 4; lastKnownFileType = sourcecode.swift; path = ViewModels/MainDashboardViewModel.swift; sourceTree = "<group>"; };
		A200000123456789000000C7 /* NicheSelectionViewModel.swift */ = {isa = PBXFileReference; fileEncoding = 4; lastKnownFileType = sourcecode.swift; path = ViewModels/NicheSelectionViewModel.swift; sourceTree = "<group>"; };
		A200000123456789000000C8 /* OnboardingViewModel.swift */ = {isa = PBXFileReference; fileEncoding = 4; lastKnownFileType = sourcecode.swift; path = ViewModels/OnboardingViewModel.swift; sourceTree = "<group>"; };
		A200000123456789000000C9 /* ProfileViewModel.swift */ = {isa = PBXFileReference; fileEncoding = 4; lastKnownFileType = sourcecode.swift; path = ViewModels/ProfileViewModel.swift; sourceTree = "<group>"; };
		A200000123456789000000CA /* TaskViewModel.swift */ = {isa = PBXFileReference; fileEncoding = 4; lastKnownFileType = sourcecode.swift; path = ViewModels/TaskViewModel.swift; sourceTree = "<group>"; };
		A200000123456789000000CB /* GoalQuestionsView.swift */ = {isa = PBXFileReference; fileEncoding = 4; lastKnownFileType = sourcecode.swift; path = Views/GoalQuestionsView.swift; sourceTree = "<group>"; };
		A200000123456789000000CC /* NicheSelectionView.swift */ = {isa = PBXFileReference; fileEncoding = 4; lastKnownFileType = sourcecode.swift; path = Views/NicheSelectionView.swift; sourceTree = "<group>"; };
		A200000123456789000000CD /* OnboardingCompletionView.swift */ = {isa = PBXFileReference; fileEncoding = 4; lastKnownFileType = sourcecode.swift; path = Views/OnboardingCompletionView.swift; sourceTree = "<group>"; };
		A200000123456789000000CE /* OnboardingFlowView.swift */ = {isa = PBXFileReference; fileEncoding = 4; lastKnownFileType = sourcecode.swift; path = Views/OnboardingFlowView.swift; sourceTree = "<group>"; };
		A200000123456789000000CF /* PlanSelectionView.swift */ = {isa = PBXFileReference; fileEncoding = 4; lastKnownFileType = sourcecode.swift; path = Views/PlanSelectionView.swift; sourceTree = "<group>"; };
		A200000123456789000000D0 /* WelcomeView.swift */ = {isa = PBXFileReference; fileEncoding = 4; lastKnownFileType = sourcecode.swift; path = Views/WelcomeView.swift; sourceTree = "<group>"; };
		A200000123456789000000D1 /* MainDashboardView.swift */ = {isa = PBXFileReference; fileEncoding = 4; lastKnownFileType = sourcecode.swift; path = Views/Dashboard/MainDashboardView.swift; sourceTree = "<group>"; };
		A200000123456789000000D2 /* ProfileTabView.swift */ = {isa = PBXFileReference; fileEncoding = 4; lastKnownFileType = sourcecode.swift; path = Views/Dashboard/ProfileTabView.swift; sourceTree = "<group>"; };
		A200000123456789000000D3 /* ProgressTabView.swift */ = {isa = PBXFileReference; fileEncoding = 4; lastKnownFileType = sourcecode.swift; path = Views/Dashboard/ProgressTabView.swift; sourceTree = "<group>"; };
		A200000123456789000000D4 /* TaskDetailSheet.swift */ = {isa = PBXFileReference; fileEncoding = 4; lastKnownFileType = sourcecode.swift; path = Views/Dashboard/TaskDetailSheet.swift; sourceTree = "<group>"; };
		A200000123456789000000D5 /* TasksTabView.swift */ = {isa = PBXFileReference; fileEncoding = 4; lastKnownFileType = sourcecode.swift; path = Views/Dashboard/TasksTabView.swift; sourceTree = "<group>"; };
		A200000123456789000000D6 /* GradientButton.swift */ = {isa = PBXFileReference; fileEncoding = 4; lastKnownFileType = sourcecode.swift; path = Components/GradientButton.swift; sourceTree = "<group>"; };
		A200000123456789000000D7 /* LoadingScreen.swift */ = {isa = PBXFileReference; fileEncoding = 4; lastKnownFileType = sourcecode.swift; path = Components/LoadingScreen.swift; sourceTree = "<group>"; };
		A200000123456789000000D8 /* PlanCard.swift */ = {isa = PBXFileReference; fileEncoding = 4; lastKnownFileType = sourcecode.swift; path = Components/PlanCard.swift; sourceTree = "<group>"; };
		A200000123456789000000D9 /* StreakDisplay.swift */ = {isa = PBXFileReference; fileEncoding = 4; lastKnownFileType = sourcecode.swift; path = Components/StreakDisplay.swift; sourceTree = "<group>"; };
		A200000123456789000000DA /* TaskCard.swift */ = {isa = PBXFileReference; fileEncoding = 4; lastKnownFileType = sourcecode.swift; path = Components/TaskCard.swift; sourceTree = "<group>"; };
		A200000123456789000000DB /* Theme.swift */ = {isa = PBXFileReference; fileEncoding = 4; lastKnownFileType = sourcecode.swift; path = Components/Theme.swift; sourceTree = "<group>"; };
		A200000123456789000000DC /* ViewModifiers.swift */ = {isa = PBXFileReference; fileEncoding = 4; lastKnownFileType = sourcecode.swift; path = Components/ViewModifiers.swift; sourceTree = "<group>"; };
		A200000123456789000000DD /* Assets.xcassets */ = {isa = PBXFileReference; lastKnownFileType = folder.assetcatalog; path = Assets.xcassets; sourceTree = "<group>"; };

		/* Begin PBXGroup section */
		A200000123456789000000B5 /* DRIVE */ = {
			isa = PBXGroup;
			children = (
				A200000123456789000000B6 /* Main */,
			);
			name = DRIVE;
			sourceTree = "<group>";
		};
		A200000123456789000000B6 /* Main */ = {
			isa = PBXGroup;
			children = (
				A200000123456789000000B7 /* DRIVEApp.swift */,
				A200000123456789000000B8 /* AppPlan.swift */,
				A200000123456789000000B9 /* Badge.swift */,
				A200000123456789000000BA /* DailyTask.swift */,
				A200000123456789000000BB /* DifficultyLevel.swift */,
				A200000123456789000000BC /* ModelTestHelpers.swift */,
				A200000123456789000000BD /* Niche.swift */,
				A200000123456789000000BE /* PlanTier.swift */,
				A200000123456789000000BF /* TaskCategory.swift */,
				A200000123456789000000C0 /* TaskStatus.swift */,
				A200000123456789000000C1 /* UserProfile.swift */,
				A200000123456789000000C2 /* UserSettings.swift */,
				A200000123456789000000C3 /* UserStats.swift */,
				A200000123456789000000C4 /* AppState.swift */,
				A200000123456789000000C5 /* BaseViewModel.swift */,
				A200000123456789000000C6 /* MainDashboardViewModel.swift */,
				A200000123456789000000C7 /* NicheSelectionViewModel.swift */,
				A200000123456789000000C8 /* OnboardingViewModel.swift */,
				A200000123456789000000C9 /* ProfileViewModel.swift */,
				A200000123456789000000CA /* TaskViewModel.swift */,
				A200000123456789000000CB /* GoalQuestionsView.swift */,
				A200000123456789000000CC /* NicheSelectionView.swift */,
				A200000123456789000000CD /* OnboardingCompletionView.swift */,
				A200000123456789000000CE /* OnboardingFlowView.swift */,
				A200000123456789000000CF /* PlanSelectionView.swift */,
				A200000123456789000000D0 /* WelcomeView.swift */,
				A200000123456789000000D1 /* MainDashboardView.swift */,
				A200000123456789000000D2 /* ProfileTabView.swift */,
				A200000123456789000000D3 /* ProgressTabView.swift */,
				A200000123456789000000D4 /* TaskDetailSheet.swift */,
				A200000123456789000000D5 /* TasksTabView.swift */,
				A200000123456789000000D6 /* GradientButton.swift */,
				A200000123456789000000D7 /* LoadingScreen.swift */,
				A200000123456789000000D8 /* PlanCard.swift */,
				A200000123456789000000D9 /* StreakDisplay.swift */,
				A200000123456789000000DA /* TaskCard.swift */,
				A200000123456789000000DB /* Theme.swift */,
				A200000123456789000000DC /* ViewModifiers.swift */,
				A200000123456789000000DD /* Assets.xcassets */,
			);
			name = Main;
			sourceTree = "<group>";
		};

		/* Begin PBXNativeTarget section */
		A200000123456789000000B4 /* DRIVE */ = {
			isa = PBXNativeTarget;
			buildPhases = (
				A200000123456789000000B0 /* Sources */,
				A200000123456789000000D8 /* Resources */,
			);
			buildRules = (
			);
			buildConfigList = A200000123456789000000B2 /* Build configuration list for PBXNativeTarget "DRIVE" */;
			compatibilityVersion = "1.0";
			deviceType = ios.Application;
			name = DRIVE;
			productInstallPath = "$(HOME)/Applications";
			productType = "com.apple.product-type.application";
		};

		/* Begin PBXProj section */
		rootObject = A200000123456789000000AE /* PBXProject */;

		/* Begin PBXProject section */
		A200000123456789000000AE /* PBXProject */ = {
			isa = PBXProject;
			buildConfigurationList = A200000123456789000000AF /* Build configuration list for PBXProject "DRIVE" */;
			compatibilityVersion = "3.0";
			hasScannedForEncodings = 0;
			mainGroup = A200000123456789000000B5 /* DRIVE */;
			productRefGroup = A200000123456789000000B3 /* Products */;
			targetDependencies = (
			);
			useResponsibleCatalystPlatforms = 1;
		};

		/* Begin PBXResourcesBuildPhase section */
		A200000123456789000000D8 /* Resources */ = {
			isa = PBXResourcesBuildPhase;
			buildActionMask = 2147483647;
			files = (
				A100000123456789000000031 /* Assets.xcassets */,
			);
		};

		/* Begin PBXSourcesBuildPhase section */
		A200000123456789000000B0 /* Sources */ = {
			isa = PBXSourcesBuildPhase;
			buildActionMask = 2147483647;
			files = (
				A1000001234567890000000B /* DRIVEApp.swift */,
				A1000001234567890000000C /* AppPlan.swift */,
				A1000001234567890000000D /* Badge.swift */,
				A1000001234567890000000E /* DailyTask.swift */,
				A1000001234567890000000F /* DifficultyLevel.swift */,
				A100000123456789000000010 /* ModelTestHelpers.swift */,
				A100000123456789000000011 /* Niche.swift */,
				A100000123456789000000012 /* PlanTier.swift */,
				A100000123456789000000013 /* TaskCategory.swift */,
				A100000123456789000000014 /* TaskStatus.swift */,
				A100000123456789000000015 /* UserProfile.swift */,
				A100000123456789000000016 /* UserSettings.swift */,
				A100000123456789000000017 /* UserStats.swift */,
				A100000123456789000000018 /* AppState.swift */,
				A100000123456789000000019 /* BaseViewModel.swift */,
				A10000012345678900000001A /* MainDashboardViewModel.swift */,
				A10000012345678900000001B /* NicheSelectionViewModel.swift */,
				A10000012345678900000001C /* OnboardingViewModel.swift */,
				A10000012345678900000001D /* ProfileViewModel.swift */,
				A10000012345678900000001E /* TaskViewModel.swift */,
				A10000012345678900000001F /* GoalQuestionsView.swift */,
				A100000123456789000000020 /* NicheSelectionView.swift */,
				A100000123456789000000021 /* OnboardingCompletionView.swift */,
				A100000123456789000000022 /* OnboardingFlowView.swift */,
				A100000123456789000000023 /* PlanSelectionView.swift */,
				A100000123456789000000024 /* WelcomeView.swift */,
				A100000123456789000000025 /* MainDashboardView.swift */,
				A100000123456789000000026 /* ProfileTabView.swift */,
				A100000123456789000000027 /* ProgressTabView.swift */,
				A100000123456789000000028 /* TaskDetailSheet.swift */,
				A100000123456789000000029 /* TasksTabView.swift */,
				A10000012345678900000002A /* GradientButton.swift */,
				A10000012345678900000002B /* LoadingScreen.swift */,
				A10000012345678900000002C /* PlanCard.swift */,
				A10000012345678900000002D /* StreakDisplay.swift */,
				A10000012345678900000002E /* TaskCard.swift */,
				A10000012345678900000002F /* Theme.swift */,
				A100000123456789000000030 /* ViewModifiers.swift */,
			);
		};

		/* Begin PBXContainerItemProxy section */
		A200000123456789000000D9 /* PBXContainerItemProxy 0 */ = {
			isa = PBXContainerItemProxy;
			containerPortal = A200000123456789000000AE /* PBXProject 0 */;
			proxyType = 2;
			remoteGlobalIDString = A200000123456789000000B4;
			remoteInfo = DRIVE;
		};

		/* Begin PBXTargetDependency section */
		A200000123456789000000DA /* PBXTargetDependency 0 */ = {
			isa = PBXTargetDependency;
			target = A200000123456789000000B4 /* PBXNativeTarget 0 */;
			targetProxy = A200000123456789000000D9 /* PBXContainerItemProxy 0 */;
		};

		/* Begin XCBuildConfiguration section */
		A200000123456789000000B2 /* Build configuration list for PBXNativeTarget "DRIVE" */ = {
			isa = XCBuildConfiguration;
			buildConfigurations = (
				{
					buildSettings = {
						ASSETCATALOG_COMPILER_APPICON_NAME = AppIcon;
						CLANG_ANALYZER_LOCAL_SCOPED_MODULE = 1;
						CLANG_ANALYZER_NUMBER_OBJECTIVE_C_METHODS = 1;
						CLANG_CXX_LANGUAGE_STANDARD = "gnu++14";
						CLANG_CXX_LIBRARY = "libc++";
						CLANG_ENABLE_OBJC_WEAK = 1;
						CLANG_ENABLE_OBJC_WEAK_RUNTIME = 1;
						CLANG_WARN_BLOCK_CAPTURE_AUTORELEASING = 1;
						CLANG_WARN_BOOL_CONVERSION = 1;
						CLANG_WARN_CONSTANT_CONVERSION = 1;
						CLANG_WARN_DIRECT_OBJC_ISA_USAGE = 1;
						CLANG_WARN_DIVIDE_BY_ZERO = 1;
						CLANG_WARN_EMPTY_BODY = 1;
						CLANG_WARN_ENUM_CONVERSION = 1;
						CLANG_WARN_INFINITE_RECURSION = 1;
						CLANG_WARN_INT_CONVERSION = 1;
						CLANG_WARN_OBJC_IMPLICIT_RETAIN_SELF = 1;
						CLANG_WARN_OBJC_LITERAL_CONVERSION = 1;
						CLANG_WARN_OBJC_MISSING_PROPERTY_SYNTHESIS = 1;
						CLANG_WARN_OBJC_NIL_MERGE = 1;
						CLANG_WARN_OBJC_ROOT_CLASS = 1;
						CLANG_WARN_RANGE_LOOP_ANALYSIS = 1;
						CLANG_WARN_STRICT_PROTOTYPES = 1;
						CLANG_WARN_SUSPICIOUS_MOVE = 1;
						CLANG_WARN_UNGUARDED_AVAILABILITY = 1;
						CLANG_WARN_UNREACHABLE_CODE = 1;
						CLANG_WARN__DEBUG_VALUE_TYPE = 1;
						COPY_PHASE_STRIP = 1;
						CURRENT_PROJECT_VERSION = 1.0;
						DEBUG_INFORMATION_FORMAT = dwarf;
						ENABLE_NS_ASSERTIONS = 1;
						ENABLE_STRICT_OBJC_WEAK = 1;
						ENABLE_TESTING_SEARCH_PATHS = 1;
						ENGINE_MANAGER_DISABLE = 1;
						GCC_C_LANGUAGE_STANDARD = gnu11;
						GCC_DYNAMIC_NO_COMMON = 1;
						GCC_ENABLE_BINATTI = 1;
						GCC_ENABLE_OBJC_EXCEPTIONS = 1;
						GCC_NO_COMMON_BLOCKS = 1;
						GCC_OPTIMIZATION_LEVEL = 0;
						GCC_PREPROCESSOR_DEFINITIONS = (
							DEBUG,
							"__IPHONE_OS_VERSION_MIN_REQUIRED=1300}",
							"__APPLE_CC__",
						);
						GCC_PREPROCESSOR_DEFINITIONS_PREFIX = "__IPHONE_OS_VERSION_MIN_REQUIRED";
						GCC_SYMBOLS_PRIVATE_EXTERN = 1;
						IPHONEOS_DEPLOYMENT_TARGET = 13.0;
						LC_BUILD = "dyld insert";
						LEAKING_STRING_DETECTION = 1;
						ONLY_ACTIVE_ARCH = 1;
						OPTIMIZATION_LEVEL = 0;
						OTHER_LDFLAGS = (
							"-weak_reference-lswiftCore",
							"-weak_reference-lswiftAssetsLibrary",
							"-weak_reference-lswiftAVFoundation",
							"-weak_reference-lswiftCoreData",
							"-weak_reference-lswiftCoreGraphics",
							"-weak_reference-lswiftCoreLocation",
							"-weak_reference-lswiftCoreMedia",
							"-weak_reference-lswiftCoreMotion",
							"-weak_reference-lswiftCoreServices",
							"-weak_reference-lswiftDispatch",
							"-weak_reference-lswiftFoundation",
							"-weak_reference-lswiftHealthKit",
							"-weak_reference-lswiftHomeKit",
							"-weak_reference-lswiftImageIO",
							"-weak_reference-lswiftLocalAuthentication",
							"-weak_reference-lswiftMapKit",
							"-weak_reference-lswiftMediaAccessibility",
							"-weak_reference-lswiftMediaPlayer",
							"-weak_reference-lswiftMetal",
							"-weak_reference-lswiftMetalKit",
							"-weak_reference-lswiftMetalPerformanceShaders",
							"-weak_reference-lswiftModelIO",
							"-weak_reference-lswiftNetworkExtension",
							"-weak_reference-lswiftNotificationCenter",
							"-weak_reference-lswiftOpenAL",
							"-weak_reference-lswiftOpenGLES",
							"-weak_reference-lswiftPhotos",
							"-weak_reference-lswiftPushKit",
							"-weak_reference-lswiftQuartzCore",
							"-weak_reference-lswiftQuickLook",
							"-weak_reference-lswiftSafariServices",
							"-weak_reference-lswiftSceneKit",
							"-weak_reference-lswiftSensa",
							"-weak_reference-lswiftSocial",
							"-weak_reference-lswiftStoreKit",
							"-weak_reference-lswiftSystemConfiguration",
							"-weak_reference-lswiftUIKit",
							"-weak_reference-lswiftWatchKit",
							"-weak_reference-lswiftiAd",
						);
						SDKROOT = iphoneos;
						SWIFT_OPTIMIZATION_LEVEL = "-Onone";
						TARGETED_DEVICE_FAMILY = 1;
						VALIDATE_PRODUCT = 1;
					};
					name = Debug;
				},
				{
					buildSettings = {
						ASSETCATALOG_COMPILER_APPICON_NAME = AppIcon;
						CLANG_ANALYZER_LOCAL_SCOPED_MODULE = 1;
						CLANG_ANALYZER_NUMBER_OBJECTIVE_C_METHODS = 1;
						CLANG_CXX_LANGUAGE_STANDARD = "gnu++14";
						CLANG_CXX_LIBRARY = "libc++";
						CLANG_ENABLE_OBJC_WEAK = 1;
						CLANG_ENABLE_OBJC_WEAK_RUNTIME = 1;
						CLANG_WARN_BLOCK_CAPTURE_AUTORELEASING = 1;
						CLANG_WARN_BOOL_CONVERSION = 1;
						CLANG_WARN_CONSTANT_CONVERSION = 1;
						CLANG_WARN_DIRECT_OBJC_ISA_USAGE = 1;
						CLANG_WARN_DIVIDE_BY_ZERO = 1;
						CLANG_WARN_EMPTY_BODY = 1;
						CLANG_WARN_ENUM_CONVERSION = 1;
						CLANG_WARN_INFINITE_RECURSION = 1;
						CLANG_WARN_INT_CONVERSION = 1;
						CLANG_WARN_OBJC_IMPLICIT_RETAIN_SELF = 1;
						CLANG_WARN_OBJC_LITERAL_CONVERSION = 1;
						CLANG_WARN_OBJC_MISSING_PROPERTY_SYNTHESIS = 1;
						CLANG_WARN_OBJC_NIL_MERGE = 1;
						CLANG_WARN_OBJC_ROOT_CLASS = 1;
						CLANG_WARN_RANGE_LOOP_ANALYSIS = 1;
						CLANG_WARN_STRICT_PROTOTYPES = 1;
						CLANG_WARN_SUSPICIOUS_MOVE = 1;
						CLANG_WARN_UNGUARDED_AVAILABILITY = 1;
						CLANG_WARN_UNREACHABLE_CODE = 1;
						CLANG_WARN__DEBUG_VALUE_TYPE = 1;
						COPY_PHASE_STRIP = 1;
						CURRENT_PROJECT_VERSION = 1.0;
						DEBUG_INFORMATION_FORMAT = dwarf;
						ENABLE_NS_ASSERTIONS = 1;
						ENABLE_STRICT_OBJC_WEAK = 1;
						ENABLE_TESTING_SEARCH_PATHS = 1;
						ENGINE_MANAGER_DISABLE = 1;
						GCC_C_LANGUAGE_STANDARD = gnu11;
						GCC_DYNAMIC_NO_COMMON = 1;
						GCC_ENABLE_BINATTI = 1;
						GCC_ENABLE_OBJC_EXCEPTIONS = 1;
						GCC_NO_COMMON_BLOCKS = 1;
						GCC_OPTIMIZATION_LEVEL = 0;
						GCC_PREPROCESSOR_DEFINITIONS = (
							"__IPHONE_OS_VERSION_MIN_REQUIRED=1300}",
							"__APPLE_CC__",
						);
						GCC_PREPROCESSOR_DEFINITIONS_PREFIX = "__IPHONE_OS_VERSION_MIN_REQUIRED";
						GCC_SYMBOLS_PRIVATE_EXTERN = 1;
						IPHONEOS_DEPLOYMENT_TARGET = 13.0;
						LC_BUILD = "dyld insert";
						LEAKING_STRING_DETECTION = 1;
						ONLY_ACTIVE_ARCH = 0;
						OPTIMIZATION_LEVEL = 0;
						OTHER_LDFLAGS = (
							"-weak_reference-lswiftCore",
							"-weak_reference-lswiftAssetsLibrary",
							"-weak_reference-lswiftAVFoundation",
							"-weak_reference-lswiftCoreData",
							"-weak_reference-lswiftCoreGraphics",
							"-weak_reference-lswiftCoreLocation",
							"-weak_reference-lswiftCoreMedia",
							"-weak_reference-lswiftCoreMotion",
							"-weak_reference-lswiftCoreServices",
							"-weak_reference-lswiftDispatch",
							"-weak_reference-lswiftHealthKit",
							"-weak_reference-lswiftHomeKit",
							"-weak_reference-lswiftImageIO",
							"-weak_reference-lswiftLocalAuthentication",
							"-weak_reference-lswiftMapKit",
							"-weak_reference-lswiftMediaAccessibility",
							"-weak_reference-lswiftMediaPlayer",
							"-weak_reference-lswiftMetal",
							"-weak_reference-lswiftMetalKit",
							"-weak_reference-lswiftMetalPerformanceShaders",
							"-weak_reference-lswiftModelIO",
							"-weak_reference-lswiftNetworkExtension",
							"-weak_reference-lswiftNotificationCenter",
							"-weak_reference-lswiftOpenAL",
							"-weak_reference-lswiftOpenGLES",
							"-weak_reference-lswiftPhotos",
							"-weak_reference-lswiftPushKit",
							"-weak_reference-lswiftQuartzCore",
							"-weak_reference-lswiftQuickLook",
							"-weak_reference-lswiftSafariServices",
							"-weak_reference-lswiftSceneKit",
							"-weak_reference-lswiftSensa",
							"-weak_reference-lswiftSocial",
							"-weak_reference-lswiftStoreKit",
							"-weak_reference-lswiftSystemConfiguration",
							"-weak_reference-lswiftUIKit",
							"-weak_reference-lswiftWatchKit",
							"-weak_reference-lswiftiAd",
						);
						SDKROOT = iphoneos;
						SWIFT_OPTIMIZATION_LEVEL = "-Onone";
						TARGETED_DEVICE_FAMILY = 1;
						VALIDATE_PRODUCT = 0;
					};
					name = Release;
				},
			);
		};
	objects = {
		A200000123456789000000AF /* Build configuration list for PBXProject "DRIVE" */ = {
			isa = XCBuildConfiguration;
			buildConfigurations = (
				{
					buildSettings = {
						ALWAYS_PRECOMPILE_HEADER = 1;
						CLANG_ANALYZER_LOCAL_SCOPED_MODULE = 1;
						CLANG_ANALYZER_NUMBER_OBJECTIVE_C_METHODS = 1;
						CLANG_CXX_LANGUAGE_STANDARD = "gnu++14";
						CLANG_CXX_LIBRARY = "libc++";
						CLANG_ENABLE_OBJC_WEAK = 1;
						CLANG_ENABLE_OBJC_WEAK_RUNTIME = 1;
						CLANG_WARN_BLOCK_CAPTURE_AUTORELEASING = 1;
						CLANG_WARN_BOOL_CONVERSION = 1;
						CLANG_WARN_CONSTANT_CONVERSION = 1;
						CLANG_WARN_DIRECT_OBJC_ISA_USAGE = 1;
						CLANG_WARN_DIVIDE_BY_ZERO = 1;
						CLANG_WARN_EMPTY_BODY = 1;
						CLANG_WARN_ENUM_CONVERSION = 1;
						CLANG_WARN_INFINITE_RECURSION = 1;
						CLANG_WARN_INT_CONVERSION = 1;
						CLANG_WARN_OBJC_IMPLICIT_RETAIN_SELF = 1;
						CLANG_WARN_OBJC_LITERAL_CONVERSION = 1;
						CLANG_WARN_OBJC_MISSING_PROPERTY_SYNTHESIS = 1;
						CLANG_WARN_OBJC_NIL_MERGE = 1;
						CLANG_WARN_OBJC_ROOT_CLASS = 1;
						CLANG_WARN_RANGE_LOOP_ANALYSIS = 1;
						CLANG_WARN_STRICT_PROTOTYPES = 1;
						CLANG_WARN_SUSPICIOUS_MOVE = 1;
						CLANG_WARN_UNGUARDED_AVAILABILITY = 1;
						CLANG_WARN_UNREACHABLE_CODE = 1;
						CLANG_WARN__DEBUG_VALUE_TYPE = 1;
						COPY_PHASE_STRIP = 1;
						CURRENT_PROJECT_VERSION = 1.0;
						DEBUG_INFORMATION_FORMAT = dwarf;
						ENABLE_NS_ASSERTIONS = 1;
						ENABLE_STRICT_OBJC_WEAK = 1;
						ENABLE_TESTING_SEARCH_PATHS = 1;
						ENGINE_MANAGER_DISABLE = 1;
						GCC_C_LANGUAGE_STANDARD = gnu11;
						GCC_DYNAMIC_NO_COMMON = 1;
						GCC_ENABLE_BINATTI = 1;
						GCC_ENABLE_OBJC_EXCEPTIONS = 1;
						GCC_NO_COMMON_BLOCKS = 1;
						GCC_OPTIMIZATION_LEVEL = 0;
						GCC_PREPROCESSOR_DEFINITIONS = (
							"__IPHONE_OS_VERSION_MIN_REQUIRED=1300}",
							"__APPLE_CC__",
						);
						GCC_PREPROCESSOR_DEFINITIONS_PREFIX = "__IPHONE_OS_VERSION_MIN_REQUIRED";
						GCC_SYMBOLS_PRIVATE_EXTERN = 1;
						IPHONEOS_DEPLOYMENT_TARGET = 13.0;
						LC_BUILD = "dyld insert";
						LEAKING_STRING_DETECTION = 1;
						ONLY_ACTIVE_ARCH = 1;
						OPTIMIZATION_LEVEL = 0;
						OTHER_LDFLAGS = (
							"-weak_reference-lswiftCore",
							"-weak_reference-lswiftAssetsLibrary",
							"-weak_reference-lswiftAVFoundation",
							"-weak_reference-lswiftCoreData",
							"-weak_reference-lswiftCoreGraphics",
							"-weak_reference-lswiftCoreLocation",
							"-weak_reference-lswiftCoreMedia",
							"-weak_reference-lswiftCoreMotion",
							"-weak_reference-lswiftCoreServices",
							"-weak_reference-lswiftDispatch",
							"-weak_reference-lswiftHealthKit",
							"-weak_reference-lswiftHomeKit",
							"-weak_reference-lswiftImageIO",
							"-weak_reference-lswiftLocalAuthentication",
							"-weak_reference-lswiftMapKit",
							"-weak_reference-lswiftMediaAccessibility",
							"-weak_reference-lswiftMediaPlayer",
							"-weak_reference-lswiftMetal",
							"-weak_reference-lswiftMetalKit",
							"-weak_reference-lswiftMetalPerformanceShaders",
							"-weak_reference-lswiftModelIO",
							"-weak_reference-lswiftNetworkExtension",
							"-weak_reference-lswiftNotificationCenter",
							"-weak_reference-lswiftOpenAL",
							"-weak_reference-lswiftOpenGLES",
							"-weak_reference-lswiftPhotos",
							"-weak_reference-lswiftPushKit",
							"-weak_reference-lswiftQuartzCore",
							"-weak_reference-lswiftQuickLook",
							"-weak_reference-lswiftSafariServices",
							"-weak_reference-lswiftSceneKit",
							"-weak_reference-lswiftSensa",
							"-weak_reference-lswiftSocial",
							"-weak_reference-lswiftStoreKit",
							"-weak_reference-lswiftSystemConfiguration",
							"-weak_reference-lswiftUIKit",
							"-weak_reference-lswiftWatchKit",
							"-weak_reference-lswiftiAd",
						);
						SDKROOT = iphoneos;
						SWIFT_OPTIMIZATION_LEVEL = "-Onone";
						TARGETED_DEVICE_FAMILY = 1;
						VALIDATE_PRODUCT = 1;
					};
					name = Debug;
				},
				{
					buildSettings = {
						ALWAYS_PRECOMPILE_HEADER = 1;
						CLANG_ANALYZER_LOCAL_SCOPED_MODULE = 1;
						CLANG_ANALYZER_NUMBER_OBJECTIVE_C_METHODS = 1;
						CLANG_CXX_LANGUAGE_STANDARD = "gnu++14";
						CLANG_CXX_LIBRARY = "libc++";
						CLANG_ENABLE_OBJC_WEAK = 1;
						CLANG_ENABLE_OBJC_WEAK_RUNTIME = 1;
						CLANG_WARN_BLOCK_CAPTURE_AUTORELEASING = 1;
						CLANG_WARN_BOOL_CONVERSION = 1;
						CLANG_WARN_CONSTANT_CONVERSION = 1;
						CLANG_WARN_DIRECT_OBJC_ISA_USAGE = 1;
						CLANG_WARN_DIVIDE_BY_ZERO = 1;
						CLANG_WARN_EMPTY_BODY = 1;
						CLANG_WARN_ENUM_CONVERSION = 1;
						CLANG_WARN_INFINITE_RECURSION = 1;
						CLANG_WARN_INT_CONVERSION = 1;
						CLANG_WARN_OBJC_IMPLICIT_RETAIN_SELF = 1;
						CLANG_WARN_OBJC_LITERAL_CONVERSION = 1;
						CLANG_WARN_OBJC_MISSING_PROPERTY_SYNTHESIS = 1;
						CLANG_WARN_OBJC_NIL_MERGE = 1;
						CLANG_WARN_OBJC_ROOT_CLASS = 1;
						CLANG_WARN_RANGE_LOOP_ANALYSIS = 1;
						CLANG_WARN_STRICT_PROTOTYPES = 1;
						CLANG_WARN_SUSPICIOUS_MOVE = 1;
						CLANG_WARN_UNGUARDED_AVAILABILITY = 1;
						CLANG_WARN_UNREACHABLE_CODE = 1;
						CLANG_WARN__DEBUG_VALUE_TYPE = 1;
						COPY_PHASE_STRIP = 1;
						CURRENT_PROJECT_VERSION = 1.0;
						DEBUG_INFORMATION_FORMAT = dwarf;
						ENABLE_NS_ASSERTIONS = 1;
						ENABLE_STRICT_OBJC_WEAK = 1;
						ENABLE_TESTING_SEARCH_PATHS = 1;
						ENGINE_MANAGER_DISABLE = 1;
						GCC_C_LANGUAGE_STANDARD = gnu11;
						GCC_DYNAMIC_NO_COMMON = 1;
						GCC_ENABLE_BINATTI = 1;
						GCC_ENABLE_OBJC_EXCEPTIONS = 1;
						GCC_NO_COMMON_BLOCKS = 1;
						GCC_OPTIMIZATION_LEVEL = 0;
						GCC_PREPROCESSOR_DEFINITIONS = (
							"__IPHONE_OS_VERSION_MIN_REQUIRED=1300}",
							"__APPLE_CC__",
						);
						GCC_PREPROCESSOR_DEFINITIONS_PREFIX = "__IPHONE_OS_VERSION_MIN_REQUIRED";
						GCC_SYMBOLS_PRIVATE_EXTERN = 1;
						IPHONEOS_DEPLOYMENT_TARGET = 13.0;
						LC_BUILD = "dyld insert";
						LEAKING_STRING_DETECTION = 1;
						ONLY_ACTIVE_ARCH = 0;
						OPTIMIZATION_LEVEL = 0;
						OTHER_LDFLAGS = (
							"-weak_reference-lswiftCore",
							"-weak_reference-lswiftAssetsLibrary",
							"-weak_reference-lswiftAVFoundation",
							"-weak_reference-lswiftCoreData",
							"-weak_reference-lswiftCoreGraphics",
							"-weak_reference-lswiftCoreLocation",
							"-weak_reference-lswiftCoreMedia",
							"-weak_reference-lswiftCoreMotion",
							"-weak_reference-lswiftCoreServices",
							"-weak_reference-lswiftDispatch",
							"-weak_reference-lswiftHealthKit",
							"-weak_reference-lswiftHomeKit",
							"-weak_reference-lswiftImageIO",
							"-weak_reference-lswiftLocalAuthentication",
							"-weak_reference-lswiftMapKit",
							"-weak_reference-lswiftMediaAccessibility",
							"-weak_reference-lswiftMediaPlayer",
							"-weak_reference-lswiftMetal",
							"-weak_reference-lswiftMetalKit",
							"-weak_reference-lswiftMetalPerformanceShaders",
							"-weak_reference-lswiftModelIO",
							"-weak_reference-lswiftNetworkExtension",
							"-weak_reference-lswiftNotificationCenter",
							"-weak_reference-lswiftOpenAL",
							"-weak_reference-lswiftOpenGLES",
							"-weak_reference-lswiftPhotos",
							"-weak_reference-lswiftPushKit",
							"-weak_reference-lswiftQuartzCore",
							"-weak_reference-lswiftQuickLook",
							"-weak_reference-lswiftSafariServices",
							"-weak_reference-lswiftSceneKit",
							"-weak_reference-lswiftSensa",
							"-weak_reference-lswiftSocial",
							"-weak_reference-lswiftStoreKit",
							"-weak_reference-lswiftSystemConfiguration",
							"-weak_reference-lswiftUIKit",
							"-weak_reference-lswiftWatchKit",
							"-weak_reference-lswiftiAd",
						);
						SDKROOT = iphoneos;
						SWIFT_OPTIMIZATION_LEVEL = "-Onone";
						TARGETED_DEVICE_FAMILY = 1;
						VALIDATE_PRODUCT = 0;
					};
					name = Release;
				},
			);
		};
	};
}